// !$*UTF8*$!
{
	archiveVersion = 1;
	classes = {
	};
	objectVersion = 50;
	objects = {

/* Begin PBXBuildFile section */
		4FECC0CF230CC1BE00276CD9 /* AppDelegate.swift in Sources */ = {isa = PBXBuildFile; fileRef = 4FECC0CE230CC1BE00276CD9 /* AppDelegate.swift */; };
		4FECC0D1230CC1BE00276CD9 /* SceneDelegate.swift in Sources */ = {isa = PBXBuildFile; fileRef = 4FECC0D0230CC1BE00276CD9 /* SceneDelegate.swift */; };
		4FECC0D3230CC1BE00276CD9 /* ViewController.swift in Sources */ = {isa = PBXBuildFile; fileRef = 4FECC0D2230CC1BE00276CD9 /* ViewController.swift */; };
		4FECC0D6230CC1BE00276CD9 /* Main.storyboard in Resources */ = {isa = PBXBuildFile; fileRef = 4FECC0D4230CC1BE00276CD9 /* Main.storyboard */; };
		4FECC0D8230CC1C000276CD9 /* Assets.xcassets in Resources */ = {isa = PBXBuildFile; fileRef = 4FECC0D7230CC1C000276CD9 /* Assets.xcassets */; };
		4FECC0DB230CC1C000276CD9 /* LaunchScreen.storyboard in Resources */ = {isa = PBXBuildFile; fileRef = 4FECC0D9230CC1C000276CD9 /* LaunchScreen.storyboard */; };
		4FECC0E6230CC1C000276CD9 /* ExampleAppTests.swift in Sources */ = {isa = PBXBuildFile; fileRef = 4FECC0E5230CC1C000276CD9 /* ExampleAppTests.swift */; };
		4FECC0F1230CC1C000276CD9 /* ExampleAppUITests.swift in Sources */ = {isa = PBXBuildFile; fileRef = 4FECC0F0230CC1C000276CD9 /* ExampleAppUITests.swift */; };
/* End PBXBuildFile section */

/* Begin PBXContainerItemProxy section */
		4FECC0E2230CC1C000276CD9 /* PBXContainerItemProxy */ = {
			isa = PBXContainerItemProxy;
			containerPortal = 4FECC0C3230CC1BE00276CD9 /* Project object */;
			proxyType = 1;
			remoteGlobalIDString = 4FECC0CA230CC1BE00276CD9;
			remoteInfo = ExampleApp;
		};
		4FECC0ED230CC1C000276CD9 /* PBXContainerItemProxy */ = {
			isa = PBXContainerItemProxy;
			containerPortal = 4FECC0C3230CC1BE00276CD9 /* Project object */;
			proxyType = 1;
			remoteGlobalIDString = 4FECC0CA230CC1BE00276CD9;
			remoteInfo = ExampleApp;
		};
/* End PBXContainerItemProxy section */

/* Begin PBXFileReference section */
		4FECC0CB230CC1BE00276CD9 /* ExampleApp.app */ = {isa = PBXFileReference; explicitFileType = wrapper.application; includeInIndex = 0; path = ExampleApp.app; sourceTree = BUILT_PRODUCTS_DIR; };
		4FECC0CE230CC1BE00276CD9 /* AppDelegate.swift */ = {isa = PBXFileReference; lastKnownFileType = sourcecode.swift; path = AppDelegate.swift; sourceTree = "<group>"; };
		4FECC0D0230CC1BE00276CD9 /* SceneDelegate.swift */ = {isa = PBXFileReference; lastKnownFileType = sourcecode.swift; path = SceneDelegate.swift; sourceTree = "<group>"; };
		4FECC0D2230CC1BE00276CD9 /* ViewController.swift */ = {isa = PBXFileReference; lastKnownFileType = sourcecode.swift; path = ViewController.swift; sourceTree = "<group>"; };
		4FECC0D5230CC1BE00276CD9 /* Base */ = {isa = PBXFileReference; lastKnownFileType = file.storyboard; name = Base; path = Base.lproj/Main.storyboard; sourceTree = "<group>"; };
		4FECC0D7230CC1C000276CD9 /* Assets.xcassets */ = {isa = PBXFileReference; lastKnownFileType = folder.assetcatalog; path = Assets.xcassets; sourceTree = "<group>"; };
		4FECC0DA230CC1C000276CD9 /* Base */ = {isa = PBXFileReference; lastKnownFileType = file.storyboard; name = Base; path = Base.lproj/LaunchScreen.storyboard; sourceTree = "<group>"; };
		4FECC0DC230CC1C000276CD9 /* Info.plist */ = {isa = PBXFileReference; lastKnownFileType = text.plist.xml; path = Info.plist; sourceTree = "<group>"; };
		4FECC0E1230CC1C000276CD9 /* ExampleAppTests.xctest */ = {isa = PBXFileReference; explicitFileType = wrapper.cfbundle; includeInIndex = 0; path = ExampleAppTests.xctest; sourceTree = BUILT_PRODUCTS_DIR; };
		4FECC0E5230CC1C000276CD9 /* ExampleAppTests.swift */ = {isa = PBXFileReference; lastKnownFileType = sourcecode.swift; path = ExampleAppTests.swift; sourceTree = "<group>"; };
		4FECC0E7230CC1C000276CD9 /* Info.plist */ = {isa = PBXFileReference; lastKnownFileType = text.plist.xml; path = Info.plist; sourceTree = "<group>"; };
		4FECC0EC230CC1C000276CD9 /* ExampleAppUITests.xctest */ = {isa = PBXFileReference; explicitFileType = wrapper.cfbundle; includeInIndex = 0; path = ExampleAppUITests.xctest; sourceTree = BUILT_PRODUCTS_DIR; };
		4FECC0F0230CC1C000276CD9 /* ExampleAppUITests.swift */ = {isa = PBXFileReference; lastKnownFileType = sourcecode.swift; path = ExampleAppUITests.swift; sourceTree = "<group>"; };
		4FECC0F2230CC1C000276CD9 /* Info.plist */ = {isa = PBXFileReference; lastKnownFileType = text.plist.xml; path = Info.plist; sourceTree = "<group>"; };
/* End PBXFileReference section */

/* Begin PBXFrameworksBuildPhase section */
		4FECC0C8230CC1BE00276CD9 /* Frameworks */ = {
			isa = PBXFrameworksBuildPhase;
			buildActionMask = 2147483647;
			files = (
			);
			runOnlyForDeploymentPostprocessing = 0;
		};
		4FECC0DE230CC1C000276CD9 /* Frameworks */ = {
			isa = PBXFrameworksBuildPhase;
			buildActionMask = 2147483647;
			files = (
			);
			runOnlyForDeploymentPostprocessing = 0;
		};
		4FECC0E9230CC1C000276CD9 /* Frameworks */ = {
			isa = PBXFrameworksBuildPhase;
			buildActionMask = 2147483647;
			files = (
			);
			runOnlyForDeploymentPostprocessing = 0;
		};
/* End PBXFrameworksBuildPhase section */

/* Begin PBXGroup section */
		4FECC0C2230CC1BE00276CD9 = {
			isa = PBXGroup;
			children = (
				4FECC0CD230CC1BE00276CD9 /* ExampleApp */,
				4FECC0E4230CC1C000276CD9 /* ExampleAppTests */,
				4FECC0EF230CC1C000276CD9 /* ExampleAppUITests */,
				4FECC0CC230CC1BE00276CD9 /* Products */,
			);
			sourceTree = "<group>";
		};
		4FECC0CC230CC1BE00276CD9 /* Products */ = {
			isa = PBXGroup;
			children = (
				4FECC0CB230CC1BE00276CD9 /* ExampleApp.app */,
				4FECC0E1230CC1C000276CD9 /* ExampleAppTests.xctest */,
				4FECC0EC230CC1C000276CD9 /* ExampleAppUITests.xctest */,
			);
			name = Products;
			sourceTree = "<group>";
		};
		4FECC0CD230CC1BE00276CD9 /* ExampleApp */ = {
			isa = PBXGroup;
			children = (
				4FECC0CE230CC1BE00276CD9 /* AppDelegate.swift */,
				4FECC0D0230CC1BE00276CD9 /* SceneDelegate.swift */,
				4FECC0D2230CC1BE00276CD9 /* ViewController.swift */,
				4FECC0D4230CC1BE00276CD9 /* Main.storyboard */,
				4FECC0D7230CC1C000276CD9 /* Assets.xcassets */,
				4FECC0D9230CC1C000276CD9 /* LaunchScreen.storyboard */,
				4FECC0DC230CC1C000276CD9 /* Info.plist */,
			);
			path = ExampleApp;
			sourceTree = "<group>";
		};
		4FECC0E4230CC1C000276CD9 /* ExampleAppTests */ = {
			isa = PBXGroup;
			children = (
				4FECC0E5230CC1C000276CD9 /* ExampleAppTests.swift */,
				4FECC0E7230CC1C000276CD9 /* Info.plist */,
			);
			path = ExampleAppTests;
			sourceTree = "<group>";
		};
		4FECC0EF230CC1C000276CD9 /* ExampleAppUITests */ = {
			isa = PBXGroup;
			children = (
				4FECC0F0230CC1C000276CD9 /* ExampleAppUITests.swift */,
				4FECC0F2230CC1C000276CD9 /* Info.plist */,
			);
			path = ExampleAppUITests;
			sourceTree = "<group>";
		};
/* End PBXGroup section */

/* Begin PBXNativeTarget section */
		4FECC0CA230CC1BE00276CD9 /* ExampleApp */ = {
			isa = PBXNativeTarget;
			buildConfigurationList = 4FECC0F5230CC1C000276CD9 /* Build configuration list for PBXNativeTarget "ExampleApp" */;
			buildPhases = (
				4FECC0C7230CC1BE00276CD9 /* Sources */,
				4FECC0C8230CC1BE00276CD9 /* Frameworks */,
				4FECC0C9230CC1BE00276CD9 /* Resources */,
			);
			buildRules = (
			);
			dependencies = (
			);
			name = ExampleApp;
			productName = ExampleApp;
			productReference = 4FECC0CB230CC1BE00276CD9 /* ExampleApp.app */;
			productType = "com.apple.product-type.application";
		};
		4FECC0E0230CC1C000276CD9 /* ExampleAppTests */ = {
			isa = PBXNativeTarget;
			buildConfigurationList = 4FECC0F8230CC1C000276CD9 /* Build configuration list for PBXNativeTarget "ExampleAppTests" */;
			buildPhases = (
				4FECC0DD230CC1C000276CD9 /* Sources */,
				4FECC0DE230CC1C000276CD9 /* Frameworks */,
				4FECC0DF230CC1C000276CD9 /* Resources */,
			);
			buildRules = (
			);
			dependencies = (
				4FECC0E3230CC1C000276CD9 /* PBXTargetDependency */,
			);
			name = ExampleAppTests;
			productName = ExampleAppTests;
			productReference = 4FECC0E1230CC1C000276CD9 /* ExampleAppTests.xctest */;
			productType = "com.apple.product-type.bundle.unit-test";
		};
		4FECC0EB230CC1C000276CD9 /* ExampleAppUITests */ = {
			isa = PBXNativeTarget;
			buildConfigurationList = 4FECC0FB230CC1C000276CD9 /* Build configuration list for PBXNativeTarget "ExampleAppUITests" */;
			buildPhases = (
				4FECC0E8230CC1C000276CD9 /* Sources */,
				4FECC0E9230CC1C000276CD9 /* Frameworks */,
				4FECC0EA230CC1C000276CD9 /* Resources */,
			);
			buildRules = (
			);
			dependencies = (
				4FECC0EE230CC1C000276CD9 /* PBXTargetDependency */,
			);
			name = ExampleAppUITests;
			productName = ExampleAppUITests;
			productReference = 4FECC0EC230CC1C000276CD9 /* ExampleAppUITests.xctest */;
			productType = "com.apple.product-type.bundle.ui-testing";
		};
/* End PBXNativeTarget section */

/* Begin PBXProject section */
		4FECC0C3230CC1BE00276CD9 /* Project object */ = {
			isa = PBXProject;
			attributes = {
				LastSwiftUpdateCheck = 1100;
				LastUpgradeCheck = 1100;
				ORGANIZATIONNAME = "Toby Youngberg";
				TargetAttributes = {
					4FECC0CA230CC1BE00276CD9 = {
						CreatedOnToolsVersion = 11.0;
					};
					4FECC0E0230CC1C000276CD9 = {
						CreatedOnToolsVersion = 11.0;
						TestTargetID = 4FECC0CA230CC1BE00276CD9;
					};
					4FECC0EB230CC1C000276CD9 = {
						CreatedOnToolsVersion = 11.0;
						TestTargetID = 4FECC0CA230CC1BE00276CD9;
					};
				};
			};
			buildConfigurationList = 4FECC0C6230CC1BE00276CD9 /* Build configuration list for PBXProject "ExampleApp" */;
			compatibilityVersion = "Xcode 9.3";
			developmentRegion = en;
			hasScannedForEncodings = 0;
			knownRegions = (
				en,
				Base,
			);
			mainGroup = 4FECC0C2230CC1BE00276CD9;
			productRefGroup = 4FECC0CC230CC1BE00276CD9 /* Products */;
			projectDirPath = "";
			projectRoot = "";
			targets = (
				4FECC0CA230CC1BE00276CD9 /* ExampleApp */,
				4FECC0E0230CC1C000276CD9 /* ExampleAppTests */,
				4FECC0EB230CC1C000276CD9 /* ExampleAppUITests */,
			);
		};
/* End PBXProject section */

/* Begin PBXResourcesBuildPhase section */
		4FECC0C9230CC1BE00276CD9 /* Resources */ = {
			isa = PBXResourcesBuildPhase;
			buildActionMask = 2147483647;
			files = (
				4FECC0DB230CC1C000276CD9 /* LaunchScreen.storyboard in Resources */,
				4FECC0D8230CC1C000276CD9 /* Assets.xcassets in Resources */,
				4FECC0D6230CC1BE00276CD9 /* Main.storyboard in Resources */,
			);
			runOnlyForDeploymentPostprocessing = 0;
		};
		4FECC0DF230CC1C000276CD9 /* Resources */ = {
			isa = PBXResourcesBuildPhase;
			buildActionMask = 2147483647;
			files = (
			);
			runOnlyForDeploymentPostprocessing = 0;
		};
		4FECC0EA230CC1C000276CD9 /* Resources */ = {
			isa = PBXResourcesBuildPhase;
			buildActionMask = 2147483647;
			files = (
			);
			runOnlyForDeploymentPostprocessing = 0;
		};
/* End PBXResourcesBuildPhase section */

/* Begin PBXSourcesBuildPhase section */
		4FECC0C7230CC1BE00276CD9 /* Sources */ = {
			isa = PBXSourcesBuildPhase;
			buildActionMask = 2147483647;
			files = (
				4FECC0D3230CC1BE00276CD9 /* ViewController.swift in Sources */,
				4FECC0CF230CC1BE00276CD9 /* AppDelegate.swift in Sources */,
				4FECC0D1230CC1BE00276CD9 /* SceneDelegate.swift in Sources */,
			);
			runOnlyForDeploymentPostprocessing = 0;
		};
		4FECC0DD230CC1C000276CD9 /* Sources */ = {
			isa = PBXSourcesBuildPhase;
			buildActionMask = 2147483647;
			files = (
				4FECC0E6230CC1C000276CD9 /* ExampleAppTests.swift in Sources */,
			);
			runOnlyForDeploymentPostprocessing = 0;
		};
		4FECC0E8230CC1C000276CD9 /* Sources */ = {
			isa = PBXSourcesBuildPhase;
			buildActionMask = 2147483647;
			files = (
				4FECC0F1230CC1C000276CD9 /* ExampleAppUITests.swift in Sources */,
			);
			runOnlyForDeploymentPostprocessing = 0;
		};
/* End PBXSourcesBuildPhase section */

/* Begin PBXTargetDependency section */
		4FECC0E3230CC1C000276CD9 /* PBXTargetDependency */ = {
			isa = PBXTargetDependency;
			target = 4FECC0CA230CC1BE00276CD9 /* ExampleApp */;
			targetProxy = 4FECC0E2230CC1C000276CD9 /* PBXContainerItemProxy */;
		};
		4FECC0EE230CC1C000276CD9 /* PBXTargetDependency */ = {
			isa = PBXTargetDependency;
			target = 4FECC0CA230CC1BE00276CD9 /* ExampleApp */;
			targetProxy = 4FECC0ED230CC1C000276CD9 /* PBXContainerItemProxy */;
		};
/* End PBXTargetDependency section */

/* Begin PBXVariantGroup section */
		4FECC0D4230CC1BE00276CD9 /* Main.storyboard */ = {
			isa = PBXVariantGroup;
			children = (
				4FECC0D5230CC1BE00276CD9 /* Base */,
			);
			name = Main.storyboard;
			sourceTree = "<group>";
		};
		4FECC0D9230CC1C000276CD9 /* LaunchScreen.storyboard */ = {
			isa = PBXVariantGroup;
			children = (
				4FECC0DA230CC1C000276CD9 /* Base */,
			);
			name = LaunchScreen.storyboard;
			sourceTree = "<group>";
		};
/* End PBXVariantGroup section */

/* Begin XCBuildConfiguration section */
		4FECC0F3230CC1C000276CD9 /* Debug */ = {
			isa = XCBuildConfiguration;
			buildSettings = {
				ALWAYS_SEARCH_USER_PATHS = NO;
				CLANG_ANALYZER_NONNULL = YES;
				CLANG_ANALYZER_NUMBER_OBJECT_CONVERSION = YES_AGGRESSIVE;
				CLANG_CXX_LANGUAGE_STANDARD = "gnu++14";
				CLANG_CXX_LIBRARY = "libc++";
				CLANG_ENABLE_MODULES = YES;
				CLANG_ENABLE_OBJC_ARC = YES;
				CLANG_ENABLE_OBJC_WEAK = YES;
				CLANG_WARN_BLOCK_CAPTURE_AUTORELEASING = YES;
				CLANG_WARN_BOOL_CONVERSION = YES;
				CLANG_WARN_COMMA = YES;
				CLANG_WARN_CONSTANT_CONVERSION = YES;
				CLANG_WARN_DEPRECATED_OBJC_IMPLEMENTATIONS = YES;
				CLANG_WARN_DIRECT_OBJC_ISA_USAGE = YES_ERROR;
				CLANG_WARN_DOCUMENTATION_COMMENTS = YES;
				CLANG_WARN_EMPTY_BODY = YES;
				CLANG_WARN_ENUM_CONVERSION = YES;
				CLANG_WARN_INFINITE_RECURSION = YES;
				CLANG_WARN_INT_CONVERSION = YES;
				CLANG_WARN_NON_LITERAL_NULL_CONVERSION = YES;
				CLANG_WARN_OBJC_IMPLICIT_RETAIN_SELF = YES;
				CLANG_WARN_OBJC_LITERAL_CONVERSION = YES;
				CLANG_WARN_OBJC_ROOT_CLASS = YES_ERROR;
				CLANG_WARN_RANGE_LOOP_ANALYSIS = YES;
				CLANG_WARN_STRICT_PROTOTYPES = YES;
				CLANG_WARN_SUSPICIOUS_MOVE = YES;
				CLANG_WARN_UNGUARDED_AVAILABILITY = YES_AGGRESSIVE;
				CLANG_WARN_UNREACHABLE_CODE = YES;
				CLANG_WARN__DUPLICATE_METHOD_MATCH = YES;
				COPY_PHASE_STRIP = NO;
				DEBUG_INFORMATION_FORMAT = dwarf;
				ENABLE_STRICT_OBJC_MSGSEND = YES;
				ENABLE_TESTABILITY = YES;
				GCC_C_LANGUAGE_STANDARD = gnu11;
				GCC_DYNAMIC_NO_PIC = NO;
				GCC_NO_COMMON_BLOCKS = YES;
				GCC_OPTIMIZATION_LEVEL = 0;
				GCC_PREPROCESSOR_DEFINITIONS = (
					"DEBUG=1",
					"$(inherited)",
				);
				GCC_WARN_64_TO_32_BIT_CONVERSION = YES;
				GCC_WARN_ABOUT_RETURN_TYPE = YES_ERROR;
				GCC_WARN_UNDECLARED_SELECTOR = YES;
				GCC_WARN_UNINITIALIZED_AUTOS = YES_AGGRESSIVE;
				GCC_WARN_UNUSED_FUNCTION = YES;
				GCC_WARN_UNUSED_VARIABLE = YES;
				IPHONEOS_DEPLOYMENT_TARGET = 13.0;
				MTL_ENABLE_DEBUG_INFO = INCLUDE_SOURCE;
				MTL_FAST_MATH = YES;
				ONLY_ACTIVE_ARCH = YES;
				SDKROOT = iphoneos;
				SWIFT_ACTIVE_COMPILATION_CONDITIONS = DEBUG;
				SWIFT_OPTIMIZATION_LEVEL = "-Onone";
			};
			name = Debug;
		};
		4FECC0F4230CC1C000276CD9 /* Release */ = {
			isa = XCBuildConfiguration;
			buildSettings = {
				ALWAYS_SEARCH_USER_PATHS = NO;
				CLANG_ANALYZER_NONNULL = YES;
				CLANG_ANALYZER_NUMBER_OBJECT_CONVERSION = YES_AGGRESSIVE;
				CLANG_CXX_LANGUAGE_STANDARD = "gnu++14";
				CLANG_CXX_LIBRARY = "libc++";
				CLANG_ENABLE_MODULES = YES;
				CLANG_ENABLE_OBJC_ARC = YES;
				CLANG_ENABLE_OBJC_WEAK = YES;
				CLANG_WARN_BLOCK_CAPTURE_AUTORELEASING = YES;
				CLANG_WARN_BOOL_CONVERSION = YES;
				CLANG_WARN_COMMA = YES;
				CLANG_WARN_CONSTANT_CONVERSION = YES;
				CLANG_WARN_DEPRECATED_OBJC_IMPLEMENTATIONS = YES;
				CLANG_WARN_DIRECT_OBJC_ISA_USAGE = YES_ERROR;
				CLANG_WARN_DOCUMENTATION_COMMENTS = YES;
				CLANG_WARN_EMPTY_BODY = YES;
				CLANG_WARN_ENUM_CONVERSION = YES;
				CLANG_WARN_INFINITE_RECURSION = YES;
				CLANG_WARN_INT_CONVERSION = YES;
				CLANG_WARN_NON_LITERAL_NULL_CONVERSION = YES;
				CLANG_WARN_OBJC_IMPLICIT_RETAIN_SELF = YES;
				CLANG_WARN_OBJC_LITERAL_CONVERSION = YES;
				CLANG_WARN_OBJC_ROOT_CLASS = YES_ERROR;
				CLANG_WARN_RANGE_LOOP_ANALYSIS = YES;
				CLANG_WARN_STRICT_PROTOTYPES = YES;
				CLANG_WARN_SUSPICIOUS_MOVE = YES;
				CLANG_WARN_UNGUARDED_AVAILABILITY = YES_AGGRESSIVE;
				CLANG_WARN_UNREACHABLE_CODE = YES;
				CLANG_WARN__DUPLICATE_METHOD_MATCH = YES;
				COPY_PHASE_STRIP = NO;
				DEBUG_INFORMATION_FORMAT = "dwarf-with-dsym";
				ENABLE_NS_ASSERTIONS = NO;
				ENABLE_STRICT_OBJC_MSGSEND = YES;
				GCC_C_LANGUAGE_STANDARD = gnu11;
				GCC_NO_COMMON_BLOCKS = YES;
				GCC_WARN_64_TO_32_BIT_CONVERSION = YES;
				GCC_WARN_ABOUT_RETURN_TYPE = YES_ERROR;
				GCC_WARN_UNDECLARED_SELECTOR = YES;
				GCC_WARN_UNINITIALIZED_AUTOS = YES_AGGRESSIVE;
				GCC_WARN_UNUSED_FUNCTION = YES;
				GCC_WARN_UNUSED_VARIABLE = YES;
				IPHONEOS_DEPLOYMENT_TARGET = 13.0;
				MTL_ENABLE_DEBUG_INFO = NO;
				MTL_FAST_MATH = YES;
				SDKROOT = iphoneos;
				SWIFT_COMPILATION_MODE = wholemodule;
				SWIFT_OPTIMIZATION_LEVEL = "-O";
				VALIDATE_PRODUCT = YES;
			};
			name = Release;
		};
		4FECC0F6230CC1C000276CD9 /* Debug */ = {
			isa = XCBuildConfiguration;
			buildSettings = {
				ASSETCATALOG_COMPILER_APPICON_NAME = AppIcon;
				CODE_SIGN_STYLE = Automatic;
				DEVELOPMENT_TEAM = N6N6FLN92N;
				INFOPLIST_FILE = ExampleApp/Info.plist;
				LD_RUNPATH_SEARCH_PATHS = (
					"$(inherited)",
					"@executable_path/Frameworks",
				);
				PRODUCT_BUNDLE_IDENTIFIER = com.sofi.ExampleApp;
				PRODUCT_NAME = "$(TARGET_NAME)";
				SWIFT_VERSION = 5.0;
				TARGETED_DEVICE_FAMILY = "1,2";
			};
			name = Debug;
		};
		4FECC0F7230CC1C000276CD9 /* Release */ = {
			isa = XCBuildConfiguration;
			buildSettings = {
				ASSETCATALOG_COMPILER_APPICON_NAME = AppIcon;
				CODE_SIGN_STYLE = Automatic;
				DEVELOPMENT_TEAM = N6N6FLN92N;
				INFOPLIST_FILE = ExampleApp/Info.plist;
				LD_RUNPATH_SEARCH_PATHS = (
					"$(inherited)",
					"@executable_path/Frameworks",
				);
				PRODUCT_BUNDLE_IDENTIFIER = com.sofi.ExampleApp;
				PRODUCT_NAME = "$(TARGET_NAME)";
				SWIFT_VERSION = 5.0;
				TARGETED_DEVICE_FAMILY = "1,2";
			};
			name = Release;
		};
		4FECC0F9230CC1C000276CD9 /* Debug */ = {
			isa = XCBuildConfiguration;
			buildSettings = {
				ALWAYS_EMBED_SWIFT_STANDARD_LIBRARIES = YES;
				BUNDLE_LOADER = "$(TEST_HOST)";
				CODE_SIGN_STYLE = Automatic;
				DEVELOPMENT_TEAM = N6N6FLN92N;
				INFOPLIST_FILE = ExampleAppTests/Info.plist;
				IPHONEOS_DEPLOYMENT_TARGET = 13.0;
				LD_RUNPATH_SEARCH_PATHS = (
					"$(inherited)",
					"@executable_path/Frameworks",
					"@loader_path/Frameworks",
				);
				PRODUCT_BUNDLE_IDENTIFIER = com.sofi.ExampleAppTests;
				PRODUCT_NAME = "$(TARGET_NAME)";
				SWIFT_VERSION = 5.0;
				TARGETED_DEVICE_FAMILY = "1,2";
				TEST_HOST = "$(BUILT_PRODUCTS_DIR)/ExampleApp.app/ExampleApp";
			};
			name = Debug;
		};
		4FECC0FA230CC1C000276CD9 /* Release */ = {
			isa = XCBuildConfiguration;
			buildSettings = {
				ALWAYS_EMBED_SWIFT_STANDARD_LIBRARIES = YES;
				BUNDLE_LOADER = "$(TEST_HOST)";
				CODE_SIGN_STYLE = Automatic;
				DEVELOPMENT_TEAM = N6N6FLN92N;
				INFOPLIST_FILE = ExampleAppTests/Info.plist;
				IPHONEOS_DEPLOYMENT_TARGET = 13.0;
				LD_RUNPATH_SEARCH_PATHS = (
					"$(inherited)",
					"@executable_path/Frameworks",
					"@loader_path/Frameworks",
				);
				PRODUCT_BUNDLE_IDENTIFIER = com.sofi.ExampleAppTests;
				PRODUCT_NAME = "$(TARGET_NAME)";
				SWIFT_VERSION = 5.0;
				TARGETED_DEVICE_FAMILY = "1,2";
				TEST_HOST = "$(BUILT_PRODUCTS_DIR)/ExampleApp.app/ExampleApp";
			};
			name = Release;
		};
		4FECC0FC230CC1C000276CD9 /* Debug */ = {
			isa = XCBuildConfiguration;
			buildSettings = {
				ALWAYS_EMBED_SWIFT_STANDARD_LIBRARIES = YES;
				CODE_SIGN_STYLE = Automatic;
				DEVELOPMENT_TEAM = N6N6FLN92N;
				INFOPLIST_FILE = ExampleAppUITests/Info.plist;
				LD_RUNPATH_SEARCH_PATHS = (
					"$(inherited)",
					"@executable_path/Frameworks",
					"@loader_path/Frameworks",
				);
				PRODUCT_BUNDLE_IDENTIFIER = com.sofi.ExampleAppUITests;
				PRODUCT_NAME = "$(TARGET_NAME)";
				SWIFT_VERSION = 5.0;
				TARGETED_DEVICE_FAMILY = "1,2";
				TEST_TARGET_NAME = ExampleApp;
			};
			name = Debug;
		};
		4FECC0FD230CC1C000276CD9 /* Release */ = {
			isa = XCBuildConfiguration;
			buildSettings = {
				ALWAYS_EMBED_SWIFT_STANDARD_LIBRARIES = YES;
				CODE_SIGN_STYLE = Automatic;
				DEVELOPMENT_TEAM = N6N6FLN92N;
				INFOPLIST_FILE = ExampleAppUITests/Info.plist;
				LD_RUNPATH_SEARCH_PATHS = (
					"$(inherited)",
					"@executable_path/Frameworks",
					"@loader_path/Frameworks",
				);
				PRODUCT_BUNDLE_IDENTIFIER = com.sofi.ExampleAppUITests;
				PRODUCT_NAME = "$(TARGET_NAME)";
				SWIFT_VERSION = 5.0;
				TARGETED_DEVICE_FAMILY = "1,2";
				TEST_TARGET_NAME = ExampleApp;
			};
			name = Release;
		};
/* End XCBuildConfiguration section */

/* Begin XCConfigurationList section */
		4FECC0C6230CC1BE00276CD9 /* Build configuration list for PBXProject "ExampleApp" */ = {
			isa = XCConfigurationList;
			buildConfigurations = (
				4FECC0F3230CC1C000276CD9 /* Debug */,
				4FECC0F4230CC1C000276CD9 /* Release */,
			);
			defaultConfigurationIsVisible = 0;
			defaultConfigurationName = Release;
		};
		4FECC0F5230CC1C000276CD9 /* Build configuration list for PBXNativeTarget "ExampleApp" */ = {
			isa = XCConfigurationList;
			buildConfigurations = (
				4FECC0F6230CC1C000276CD9 /* Debug */,
				4FECC0F7230CC1C000276CD9 /* Release */,
			);
			defaultConfigurationIsVisible = 0;
			defaultConfigurationName = Release;
		};
		4FECC0F8230CC1C000276CD9 /* Build configuration list for PBXNativeTarget "ExampleAppTests" */ = {
			isa = XCConfigurationList;
			buildConfigurations = (
				4FECC0F9230CC1C000276CD9 /* Debug */,
				4FECC0FA230CC1C000276CD9 /* Release */,
			);
			defaultConfigurationIsVisible = 0;
			defaultConfigurationName = Release;
		};
		4FECC0FB230CC1C000276CD9 /* Build configuration list for PBXNativeTarget "ExampleAppUITests" */ = {
			isa = XCConfigurationList;
			buildConfigurations = (
				4FECC0FC230CC1C000276CD9 /* Debug */,
				4FECC0FD230CC1C000276CD9 /* Release */,
			);
			defaultConfigurationIsVisible = 0;
			defaultConfigurationName = Release;
		};
/* End XCConfigurationList section */
	};
	rootObject = 4FECC0C3230CC1BE00276CD9 /* Project object */;
}
